
Microsoft Visual Studio Solution File, Format Version 12.00
# Visual Studio Version 16
VisualStudioVersion = 16.0.33927.289
MinimumVisualStudioVersion = 10.0.40219.1
Project("{2150E333-8FDC-42A3-9474-1A3956D46DE8}") = "Task0", "Task0", "{CB0BBD6F-9D84-4426-977F-D4532287E364}"
EndProject
Project("{FAE04EC0-301F-11D3-BF4B-00C04F79EFBC}") = "Tyuiu.FalinGS.Sprint2.Task0.V18", "Tyuiu.FalinGS.Sprint2.Task0.V18\Tyuiu.FalinGS.Sprint2.Task0.V18.csproj", "{DF7A4DD9-5A70-4975-BD01-7E0600863EEE}"
EndProject
Project("{FAE04EC0-301F-11D3-BF4B-00C04F79EFBC}") = "Tyuiu.FalinGS.Sprint2.Task0.V18.Test", "Tyuiu.FalinGS.Sprint2.Task0.V18.Test\Tyuiu.FalinGS.Sprint2.Task0.V18.Test.csproj", "{AED96DC7-738D-4E83-9F54-07CC9CE7A927}"
EndProject
Project("{FAE04EC0-301F-11D3-BF4B-00C04F79EFBC}") = "Tyuiu.FalinGS.Sprint2.Task0.V18.Lib", "Tyuiu.FalinGS.Sprint2.Task0.V18.Lib\Tyuiu.FalinGS.Sprint2.Task0.V18.Lib.csproj", "{05B8601B-F4F8-4DC0-8EFF-4B5D08A37DD4}"
EndProject
Project("{2150E333-8FDC-42A3-9474-1A3956D46DE8}") = "Task1", "Task1", "{60FC19A3-533A-4869-9D98-8D509458BDDB}"
EndProject
Project("{FAE04EC0-301F-11D3-BF4B-00C04F79EFBC}") = "Tyuiu.FalinGS.Sprint2.Task1.V30", "Tyuiu.FalinGS.Sprint2.Task1.V30\Tyuiu.FalinGS.Sprint2.Task1.V30.csproj", "{09FBC054-6ED4-4314-9375-B393143B7EF3}"
EndProject
Project("{FAE04EC0-301F-11D3-BF4B-00C04F79EFBC}") = "Tyuiu.FalinGS.Sprint2.Task1.V30.Lib", "Tyuiu.FalinGS.Sprint2.Task1.V30.Lib\Tyuiu.FalinGS.Sprint2.Task1.V30.Lib.csproj", "{F94DF418-EEFA-40D5-8322-79B1042DDFCA}"
EndProject
Project("{FAE04EC0-301F-11D3-BF4B-00C04F79EFBC}") = "Tyuiu.FalinGS.Sprint2.Task1.V30.Test", "Tyuiu.FalinGS.Sprint2.Task1.V30.Test\Tyuiu.FalinGS.Sprint2.Task1.V30.Test.csproj", "{A3F13498-DA0A-47A8-BF5E-9DE091CE40DB}"
EndProject
Project("{2150E333-8FDC-42A3-9474-1A3956D46DE8}") = "Task2", "Task2", "{1622FA11-432A-4479-BA4B-A19E4F31D1CD}"
EndProject
Project("{FAE04EC0-301F-11D3-BF4B-00C04F79EFBC}") = "Tyuiu.FalinGS.Sprint2.Task2.V5", "Tyuiu.FalinGS.Sprint2.Task2.V5\Tyuiu.FalinGS.Sprint2.Task2.V5.csproj", "{28248602-8D40-419D-A8E5-DD90374663F1}"
EndProject
Project("{FAE04EC0-301F-11D3-BF4B-00C04F79EFBC}") = "Tyuiu.FalinGS.Sprint2.Task2.V5.Test", "Tyuiu.FalinGS.Sprint2.Task2.V5.Test\Tyuiu.FalinGS.Sprint2.Task2.V5.Test.csproj", "{BB0499CC-06AB-4E2C-9300-320841D0A3BF}"
EndProject
Project("{FAE04EC0-301F-11D3-BF4B-00C04F79EFBC}") = "Tyuiu.FalinGS.Sprint2.Task2.V5.Lib", "Tyuiu.FalinGS.Sprint2.Task2.V5.Lib\Tyuiu.FalinGS.Sprint2.Task2.V5.Lib.csproj", "{716F82B4-E8A9-4883-B640-A993FCF2993B}"
EndProject
Global
	GlobalSection(SolutionConfigurationPlatforms) = preSolution
		Debug|Any CPU = Debug|Any CPU
		Release|Any CPU = Release|Any CPU
	EndGlobalSection
	GlobalSection(ProjectConfigurationPlatforms) = postSolution
		{DF7A4DD9-5A70-4975-BD01-7E0600863EEE}.Debug|Any CPU.ActiveCfg = Debug|Any CPU
		{DF7A4DD9-5A70-4975-BD01-7E0600863EEE}.Debug|Any CPU.Build.0 = Debug|Any CPU
		{DF7A4DD9-5A70-4975-BD01-7E0600863EEE}.Release|Any CPU.ActiveCfg = Release|Any CPU
		{DF7A4DD9-5A70-4975-BD01-7E0600863EEE}.Release|Any CPU.Build.0 = Release|Any CPU
		{AED96DC7-738D-4E83-9F54-07CC9CE7A927}.Debug|Any CPU.ActiveCfg = Debug|Any CPU
		{AED96DC7-738D-4E83-9F54-07CC9CE7A927}.Debug|Any CPU.Build.0 = Debug|Any CPU
		{AED96DC7-738D-4E83-9F54-07CC9CE7A927}.Release|Any CPU.ActiveCfg = Release|Any CPU
		{AED96DC7-738D-4E83-9F54-07CC9CE7A927}.Release|Any CPU.Build.0 = Release|Any CPU
		{05B8601B-F4F8-4DC0-8EFF-4B5D08A37DD4}.Debug|Any CPU.ActiveCfg = Debug|Any CPU
		{05B8601B-F4F8-4DC0-8EFF-4B5D08A37DD4}.Debug|Any CPU.Build.0 = Debug|Any CPU
		{05B8601B-F4F8-4DC0-8EFF-4B5D08A37DD4}.Release|Any CPU.ActiveCfg = Release|Any CPU
		{05B8601B-F4F8-4DC0-8EFF-4B5D08A37DD4}.Release|Any CPU.Build.0 = Release|Any CPU
		{09FBC054-6ED4-4314-9375-B393143B7EF3}.Debug|Any CPU.ActiveCfg = Debug|Any CPU
		{09FBC054-6ED4-4314-9375-B393143B7EF3}.Debug|Any CPU.Build.0 = Debug|Any CPU
		{09FBC054-6ED4-4314-9375-B393143B7EF3}.Release|Any CPU.ActiveCfg = Release|Any CPU
		{09FBC054-6ED4-4314-9375-B393143B7EF3}.Release|Any CPU.Build.0 = Release|Any CPU
		{F94DF418-EEFA-40D5-8322-79B1042DDFCA}.Debug|Any CPU.ActiveCfg = Debug|Any CPU
		{F94DF418-EEFA-40D5-8322-79B1042DDFCA}.Debug|Any CPU.Build.0 = Debug|Any CPU
		{F94DF418-EEFA-40D5-8322-79B1042DDFCA}.Release|Any CPU.ActiveCfg = Release|Any CPU
		{F94DF418-EEFA-40D5-8322-79B1042DDFCA}.Release|Any CPU.Build.0 = Release|Any CPU
		{A3F13498-DA0A-47A8-BF5E-9DE091CE40DB}.Debug|Any CPU.ActiveCfg = Debug|Any CPU
		{A3F13498-DA0A-47A8-BF5E-9DE091CE40DB}.Debug|Any CPU.Build.0 = Debug|Any CPU
		{A3F13498-DA0A-47A8-BF5E-9DE091CE40DB}.Release|Any CPU.ActiveCfg = Release|Any CPU
		{A3F13498-DA0A-47A8-BF5E-9DE091CE40DB}.Release|Any CPU.Build.0 = Release|Any CPU
		{28248602-8D40-419D-A8E5-DD90374663F1}.Debug|Any CPU.ActiveCfg = Debug|Any CPU
		{28248602-8D40-419D-A8E5-DD90374663F1}.Debug|Any CPU.Build.0 = Debug|Any CPU
		{28248602-8D40-419D-A8E5-DD90374663F1}.Release|Any CPU.ActiveCfg = Release|Any CPU
		{28248602-8D40-419D-A8E5-DD90374663F1}.Release|Any CPU.Build.0 = Release|Any CPU
		{BB0499CC-06AB-4E2C-9300-320841D0A3BF}.Debug|Any CPU.ActiveCfg = Debug|Any CPU
		{BB0499CC-06AB-4E2C-9300-320841D0A3BF}.Debug|Any CPU.Build.0 = Debug|Any CPU
		{BB0499CC-06AB-4E2C-9300-320841D0A3BF}.Release|Any CPU.ActiveCfg = Release|Any CPU
		{BB0499CC-06AB-4E2C-9300-320841D0A3BF}.Release|Any CPU.Build.0 = Release|Any CPU
		{716F82B4-E8A9-4883-B640-A993FCF2993B}.Debug|Any CPU.ActiveCfg = Debug|Any CPU
		{716F82B4-E8A9-4883-B640-A993FCF2993B}.Debug|Any CPU.Build.0 = Debug|Any CPU
		{716F82B4-E8A9-4883-B640-A993FCF2993B}.Release|Any CPU.ActiveCfg = Release|Any CPU
		{716F82B4-E8A9-4883-B640-A993FCF2993B}.Release|Any CPU.Build.0 = Release|Any CPU
	EndGlobalSection
	GlobalSection(SolutionProperties) = preSolution
		HideSolutionNode = FALSE
	EndGlobalSection
	GlobalSection(NestedProjects) = preSolution
		{DF7A4DD9-5A70-4975-BD01-7E0600863EEE} = {CB0BBD6F-9D84-4426-977F-D4532287E364}
		{AED96DC7-738D-4E83-9F54-07CC9CE7A927} = {CB0BBD6F-9D84-4426-977F-D4532287E364}
		{05B8601B-F4F8-4DC0-8EFF-4B5D08A37DD4} = {CB0BBD6F-9D84-4426-977F-D4532287E364}
		{09FBC054-6ED4-4314-9375-B393143B7EF3} = {60FC19A3-533A-4869-9D98-8D509458BDDB}
		{F94DF418-EEFA-40D5-8322-79B1042DDFCA} = {60FC19A3-533A-4869-9D98-8D509458BDDB}
		{A3F13498-DA0A-47A8-BF5E-9DE091CE40DB} = {60FC19A3-533A-4869-9D98-8D509458BDDB}
		{28248602-8D40-419D-A8E5-DD90374663F1} = {1622FA11-432A-4479-BA4B-A19E4F31D1CD}
		{BB0499CC-06AB-4E2C-9300-320841D0A3BF} = {1622FA11-432A-4479-BA4B-A19E4F31D1CD}
		{716F82B4-E8A9-4883-B640-A993FCF2993B} = {1622FA11-432A-4479-BA4B-A19E4F31D1CD}
	EndGlobalSection
	GlobalSection(ExtensibilityGlobals) = postSolution
		SolutionGuid = {67D2E318-F9FA-498B-9528-2F874F969A3F}
	EndGlobalSection
EndGlobal
