
Microsoft Visual Studio Solution File, Format Version 12.00
# Visual Studio Version 16
VisualStudioVersion = 16.0.33927.289
MinimumVisualStudioVersion = 10.0.40219.1
Project("{2150E333-8FDC-42A3-9474-1A3956D46DE8}") = "Task0", "Task0", "{CB0BBD6F-9D84-4426-977F-D4532287E364}"
EndProject
Project("{FAE04EC0-301F-11D3-BF4B-00C04F79EFBC}") = "Tyuiu.FalinGS.Sprint2.Task0.V18", "Tyuiu.FalinGS.Sprint2.Task0.V18\Tyuiu.FalinGS.Sprint2.Task0.V18.csproj", "{DF7A4DD9-5A70-4975-BD01-7E0600863EEE}"
EndProject
Project("{FAE04EC0-301F-11D3-BF4B-00C04F79EFBC}") = "Tyuiu.FalinGS.Sprint2.Task0.V18.Test", "Tyuiu.FalinGS.Sprint2.Task0.V18.Test\Tyuiu.FalinGS.Sprint2.Task0.V18.Test.csproj", "{AED96DC7-738D-4E83-9F54-07CC9CE7A927}"
EndProject
Project("{FAE04EC0-301F-11D3-BF4B-00C04F79EFBC}") = "Tyuiu.FalinGS.Sprint2.Task0.V18.Lib", "Tyuiu.FalinGS.Sprint2.Task0.V18.Lib\Tyuiu.FalinGS.Sprint2.Task0.V18.Lib.csproj", "{05B8601B-F4F8-4DC0-8EFF-4B5D08A37DD4}"
EndProject
Project("{2150E333-8FDC-42A3-9474-1A3956D46DE8}") = "Task1", "Task1", "{60FC19A3-533A-4869-9D98-8D509458BDDB}"
EndProject
Project("{FAE04EC0-301F-11D3-BF4B-00C04F79EFBC}") = "Tyuiu.FalinGS.Sprint2.Task1.V30", "Tyuiu.FalinGS.Sprint2.Task1.V30\Tyuiu.FalinGS.Sprint2.Task1.V30.csproj", "{09FBC054-6ED4-4314-9375-B393143B7EF3}"
EndProject
Project("{FAE04EC0-301F-11D3-BF4B-00C04F79EFBC}") = "Tyuiu.FalinGS.Sprint2.Task1.V30.Lib", "Tyuiu.FalinGS.Sprint2.Task1.V30.Lib\Tyuiu.FalinGS.Sprint2.Task1.V30.Lib.csproj", "{F94DF418-EEFA-40D5-8322-79B1042DDFCA}"
EndProject
Project("{FAE04EC0-301F-11D3-BF4B-00C04F79EFBC}") = "Tyuiu.FalinGS.Sprint2.Task1.V30.Test", "Tyuiu.FalinGS.Sprint2.Task1.V30.Test\Tyuiu.FalinGS.Sprint2.Task1.V30.Test.csproj", "{A3F13498-DA0A-47A8-BF5E-9DE091CE40DB}"
EndProject
Project("{2150E333-8FDC-42A3-9474-1A3956D46DE8}") = "Task2", "Task2", "{1622FA11-432A-4479-BA4B-A19E4F31D1CD}"
EndProject
Project("{FAE04EC0-301F-11D3-BF4B-00C04F79EFBC}") = "Tyuiu.FalinGS.Sprint2.Task2.V5", "Tyuiu.FalinGS.Sprint2.Task2.V5\Tyuiu.FalinGS.Sprint2.Task2.V5.csproj", "{28248602-8D40-419D-A8E5-DD90374663F1}"
EndProject
Project("{FAE04EC0-301F-11D3-BF4B-00C04F79EFBC}") = "Tyuiu.FalinGS.Sprint2.Task2.V5.Test", "Tyuiu.FalinGS.Sprint2.Task2.V5.Test\Tyuiu.FalinGS.Sprint2.Task2.V5.Test.csproj", "{BB0499CC-06AB-4E2C-9300-320841D0A3BF}"
EndProject
Project("{FAE04EC0-301F-11D3-BF4B-00C04F79EFBC}") = "Tyuiu.FalinGS.Sprint2.Task2.V5.Lib", "Tyuiu.FalinGS.Sprint2.Task2.V5.Lib\Tyuiu.FalinGS.Sprint2.Task2.V5.Lib.csproj", "{716F82B4-E8A9-4883-B640-A993FCF2993B}"
EndProject
Project("{2150E333-8FDC-42A3-9474-1A3956D46DE8}") = "Task3", "Task3", "{1B28D388-4165-4C07-9FC4-2BD2F65E9DCE}"
EndProject
Project("{FAE04EC0-301F-11D3-BF4B-00C04F79EFBC}") = "Tyuiu.FalinGS.Sprint2.Task3.V27", "Tyuiu.FalinGS.Sprint2.Task3.V27\Tyuiu.FalinGS.Sprint2.Task3.V27.csproj", "{2F9FAA24-5ED8-4386-9A3A-F85D318C89BA}"
EndProject
Project("{FAE04EC0-301F-11D3-BF4B-00C04F79EFBC}") = "Tyuiu.FalinGS.Sprint2.Task3.V27.Test", "Tyuiu.FalinGS.Sprint2.Task3.V27.Test\Tyuiu.FalinGS.Sprint2.Task3.V27.Test.csproj", "{742D7B33-5412-415B-B592-DA219831885B}"
EndProject
Project("{FAE04EC0-301F-11D3-BF4B-00C04F79EFBC}") = "Tyuiu.FalinGS.Sprint2.Task3.V27.Lib", "Tyuiu.FalinGS.Sprint2.Task3.V27.Lib\Tyuiu.FalinGS.Sprint2.Task3.V27.Lib.csproj", "{F7CEC213-6625-4ACD-ACB5-B03BA0405766}"
EndProject
Project("{2150E333-8FDC-42A3-9474-1A3956D46DE8}") = "Task4", "Task4", "{EBA28287-6599-41F2-B09E-AF4DB7A09873}"
EndProject
Project("{FAE04EC0-301F-11D3-BF4B-00C04F79EFBC}") = "Tyuiu.FalinGS.Sprint2.Task4.V27", "Tyuiu.FalinGS.Sprint2.Task4.V27\Tyuiu.FalinGS.Sprint2.Task4.V27.csproj", "{629F5D10-6908-4D0B-8686-F5C7BDA8A265}"
EndProject
Project("{FAE04EC0-301F-11D3-BF4B-00C04F79EFBC}") = "Tyuiu.FalinGS.Sprint2.Task4.V27.Lib", "Tyuiu.FalinGS.Sprint2.Task4.V27.Lib\Tyuiu.FalinGS.Sprint2.Task4.V27.Lib.csproj", "{1439B8B4-2EA4-4575-BF68-911CA3D5289F}"
EndProject
Project("{FAE04EC0-301F-11D3-BF4B-00C04F79EFBC}") = "Tyuiu.FalinGS.Sprint2.Task4.V27.Test", "Tyuiu.FalinGS.Sprint2.Task4.V27.Test\Tyuiu.FalinGS.Sprint2.Task4.V27.Test.csproj", "{7E3B234E-340D-4BBB-85EB-4994176E08DD}"
EndProject
Project("{2150E333-8FDC-42A3-9474-1A3956D46DE8}") = "Task5", "Task5", "{27E35EC2-B5C4-461E-A7E8-22845FFB0F7D}"
EndProject
Project("{FAE04EC0-301F-11D3-BF4B-00C04F79EFBC}") = "Tyuiu.FalinGS.Sprint2.Task5.V7", "Tyuiu.FalinGS.Sprint2.Task5.V7\Tyuiu.FalinGS.Sprint2.Task5.V7.csproj", "{C8F523FE-9A34-43BE-8D93-6FAFEFBF9DEA}"
EndProject
Project("{FAE04EC0-301F-11D3-BF4B-00C04F79EFBC}") = "Tyuiu.FalinGS.Sprint2.Task5.V7.Test", "Tyuiu.FalinGS.Sprint2.Task5.V7.Test\Tyuiu.FalinGS.Sprint2.Task5.V7.Test.csproj", "{79021C0B-05BE-4249-A3A6-E69609CD455C}"
EndProject
Project("{FAE04EC0-301F-11D3-BF4B-00C04F79EFBC}") = "Tyuiu.FalinGS.Sprint2.Task5.V7.Lib", "Tyuiu.FalinGS.Sprint2.Task5.V7.Lib\Tyuiu.FalinGS.Sprint2.Task5.V7.Lib.csproj", "{55B8F893-7224-47A9-8E89-EEA04CD56290}"
EndProject
Project("{2150E333-8FDC-42A3-9474-1A3956D46DE8}") = "Task6", "Task6", "{E83D3FA0-4D89-45C8-9E39-E7F46732EAC2}"
EndProject
Project("{FAE04EC0-301F-11D3-BF4B-00C04F79EFBC}") = "Tyuiu.FalinGS.Sprint2.Task6.V4", "Tyuiu.FalinGS.Sprint2.Task6.V4\Tyuiu.FalinGS.Sprint2.Task6.V4.csproj", "{4B5D813B-8B91-4685-B1FA-D0EECE08BB3B}"
EndProject
Project("{FAE04EC0-301F-11D3-BF4B-00C04F79EFBC}") = "Tyuiu.FalinGS.Sprint2.Task6.V4.Lib", "Tyuiu.FalinGS.Sprint2.Task6.V4.Lib\Tyuiu.FalinGS.Sprint2.Task6.V4.Lib.csproj", "{B9575425-101F-4E52-9964-2226173FDEA7}"
EndProject
Project("{FAE04EC0-301F-11D3-BF4B-00C04F79EFBC}") = "Tyuiu.FalinGS.Sprint2.Task6.V4.Test", "Tyuiu.FalinGS.Sprint2.Task6.V4.Test\Tyuiu.FalinGS.Sprint2.Task6.V4.Test.csproj", "{EE854C55-4388-4C58-A3FF-FB75D2E8EA48}"
EndProject
Project("{2150E333-8FDC-42A3-9474-1A3956D46DE8}") = "Task7", "Task7", "{8BCB9098-479B-4F72-BA6B-D1D61B1709EE}"
EndProject
Project("{FAE04EC0-301F-11D3-BF4B-00C04F79EFBC}") = "Tyuiu.FalinGS.Sprint2.Task7.V14", "Tyuiu.FalinGS.Sprint2.Task7.V14\Tyuiu.FalinGS.Sprint2.Task7.V14.csproj", "{94367C6C-48D6-4D81-8BE5-C613630E7D5E}"
EndProject
Project("{FAE04EC0-301F-11D3-BF4B-00C04F79EFBC}") = "Tyuiu.FalinGS.Sprint2.Task7.V14.Test", "Tyuiu.FalinGS.Sprint2.Task7.V14.Test\Tyuiu.FalinGS.Sprint2.Task7.V14.Test.csproj", "{D63481EC-742B-4DFB-BA3C-35600B596F4E}"
EndProject
Project("{FAE04EC0-301F-11D3-BF4B-00C04F79EFBC}") = "Tyuiu.FalinGS.Sprint2.Task7.V14.Lib", "Tyuiu.FalinGS.Sprint2.Task7.V14.Lib\Tyuiu.FalinGS.Sprint2.Task7.V14.Lib.csproj", "{23FC9501-982C-43B8-982F-2880461E6714}"
EndProject
Global
	GlobalSection(SolutionConfigurationPlatforms) = preSolution
		Debug|Any CPU = Debug|Any CPU
		Release|Any CPU = Release|Any CPU
	EndGlobalSection
	GlobalSection(ProjectConfigurationPlatforms) = postSolution
		{DF7A4DD9-5A70-4975-BD01-7E0600863EEE}.Debug|Any CPU.ActiveCfg = Debug|Any CPU
		{DF7A4DD9-5A70-4975-BD01-7E0600863EEE}.Debug|Any CPU.Build.0 = Debug|Any CPU
		{DF7A4DD9-5A70-4975-BD01-7E0600863EEE}.Release|Any CPU.ActiveCfg = Release|Any CPU
		{DF7A4DD9-5A70-4975-BD01-7E0600863EEE}.Release|Any CPU.Build.0 = Release|Any CPU
		{AED96DC7-738D-4E83-9F54-07CC9CE7A927}.Debug|Any CPU.ActiveCfg = Debug|Any CPU
		{AED96DC7-738D-4E83-9F54-07CC9CE7A927}.Debug|Any CPU.Build.0 = Debug|Any CPU
		{AED96DC7-738D-4E83-9F54-07CC9CE7A927}.Release|Any CPU.ActiveCfg = Release|Any CPU
		{AED96DC7-738D-4E83-9F54-07CC9CE7A927}.Release|Any CPU.Build.0 = Release|Any CPU
		{05B8601B-F4F8-4DC0-8EFF-4B5D08A37DD4}.Debug|Any CPU.ActiveCfg = Debug|Any CPU
		{05B8601B-F4F8-4DC0-8EFF-4B5D08A37DD4}.Debug|Any CPU.Build.0 = Debug|Any CPU
		{05B8601B-F4F8-4DC0-8EFF-4B5D08A37DD4}.Release|Any CPU.ActiveCfg = Release|Any CPU
		{05B8601B-F4F8-4DC0-8EFF-4B5D08A37DD4}.Release|Any CPU.Build.0 = Release|Any CPU
		{09FBC054-6ED4-4314-9375-B393143B7EF3}.Debug|Any CPU.ActiveCfg = Debug|Any CPU
		{09FBC054-6ED4-4314-9375-B393143B7EF3}.Debug|Any CPU.Build.0 = Debug|Any CPU
		{09FBC054-6ED4-4314-9375-B393143B7EF3}.Release|Any CPU.ActiveCfg = Release|Any CPU
		{09FBC054-6ED4-4314-9375-B393143B7EF3}.Release|Any CPU.Build.0 = Release|Any CPU
		{F94DF418-EEFA-40D5-8322-79B1042DDFCA}.Debug|Any CPU.ActiveCfg = Debug|Any CPU
		{F94DF418-EEFA-40D5-8322-79B1042DDFCA}.Debug|Any CPU.Build.0 = Debug|Any CPU
		{F94DF418-EEFA-40D5-8322-79B1042DDFCA}.Release|Any CPU.ActiveCfg = Release|Any CPU
		{F94DF418-EEFA-40D5-8322-79B1042DDFCA}.Release|Any CPU.Build.0 = Release|Any CPU
		{A3F13498-DA0A-47A8-BF5E-9DE091CE40DB}.Debug|Any CPU.ActiveCfg = Debug|Any CPU
		{A3F13498-DA0A-47A8-BF5E-9DE091CE40DB}.Debug|Any CPU.Build.0 = Debug|Any CPU
		{A3F13498-DA0A-47A8-BF5E-9DE091CE40DB}.Release|Any CPU.ActiveCfg = Release|Any CPU
		{A3F13498-DA0A-47A8-BF5E-9DE091CE40DB}.Release|Any CPU.Build.0 = Release|Any CPU
		{28248602-8D40-419D-A8E5-DD90374663F1}.Debug|Any CPU.ActiveCfg = Debug|Any CPU
		{28248602-8D40-419D-A8E5-DD90374663F1}.Debug|Any CPU.Build.0 = Debug|Any CPU
		{28248602-8D40-419D-A8E5-DD90374663F1}.Release|Any CPU.ActiveCfg = Release|Any CPU
		{28248602-8D40-419D-A8E5-DD90374663F1}.Release|Any CPU.Build.0 = Release|Any CPU
		{BB0499CC-06AB-4E2C-9300-320841D0A3BF}.Debug|Any CPU.ActiveCfg = Debug|Any CPU
		{BB0499CC-06AB-4E2C-9300-320841D0A3BF}.Debug|Any CPU.Build.0 = Debug|Any CPU
		{BB0499CC-06AB-4E2C-9300-320841D0A3BF}.Release|Any CPU.ActiveCfg = Release|Any CPU
		{BB0499CC-06AB-4E2C-9300-320841D0A3BF}.Release|Any CPU.Build.0 = Release|Any CPU
		{716F82B4-E8A9-4883-B640-A993FCF2993B}.Debug|Any CPU.ActiveCfg = Debug|Any CPU
		{716F82B4-E8A9-4883-B640-A993FCF2993B}.Debug|Any CPU.Build.0 = Debug|Any CPU
		{716F82B4-E8A9-4883-B640-A993FCF2993B}.Release|Any CPU.ActiveCfg = Release|Any CPU
		{716F82B4-E8A9-4883-B640-A993FCF2993B}.Release|Any CPU.Build.0 = Release|Any CPU
		{2F9FAA24-5ED8-4386-9A3A-F85D318C89BA}.Debug|Any CPU.ActiveCfg = Debug|Any CPU
		{2F9FAA24-5ED8-4386-9A3A-F85D318C89BA}.Debug|Any CPU.Build.0 = Debug|Any CPU
		{2F9FAA24-5ED8-4386-9A3A-F85D318C89BA}.Release|Any CPU.ActiveCfg = Release|Any CPU
		{2F9FAA24-5ED8-4386-9A3A-F85D318C89BA}.Release|Any CPU.Build.0 = Release|Any CPU
		{742D7B33-5412-415B-B592-DA219831885B}.Debug|Any CPU.ActiveCfg = Debug|Any CPU
		{742D7B33-5412-415B-B592-DA219831885B}.Debug|Any CPU.Build.0 = Debug|Any CPU
		{742D7B33-5412-415B-B592-DA219831885B}.Release|Any CPU.ActiveCfg = Release|Any CPU
		{742D7B33-5412-415B-B592-DA219831885B}.Release|Any CPU.Build.0 = Release|Any CPU
		{F7CEC213-6625-4ACD-ACB5-B03BA0405766}.Debug|Any CPU.ActiveCfg = Debug|Any CPU
		{F7CEC213-6625-4ACD-ACB5-B03BA0405766}.Debug|Any CPU.Build.0 = Debug|Any CPU
		{F7CEC213-6625-4ACD-ACB5-B03BA0405766}.Release|Any CPU.ActiveCfg = Release|Any CPU
		{F7CEC213-6625-4ACD-ACB5-B03BA0405766}.Release|Any CPU.Build.0 = Release|Any CPU
		{629F5D10-6908-4D0B-8686-F5C7BDA8A265}.Debug|Any CPU.ActiveCfg = Debug|Any CPU
		{629F5D10-6908-4D0B-8686-F5C7BDA8A265}.Debug|Any CPU.Build.0 = Debug|Any CPU
		{629F5D10-6908-4D0B-8686-F5C7BDA8A265}.Release|Any CPU.ActiveCfg = Release|Any CPU
		{629F5D10-6908-4D0B-8686-F5C7BDA8A265}.Release|Any CPU.Build.0 = Release|Any CPU
		{1439B8B4-2EA4-4575-BF68-911CA3D5289F}.Debug|Any CPU.ActiveCfg = Debug|Any CPU
		{1439B8B4-2EA4-4575-BF68-911CA3D5289F}.Debug|Any CPU.Build.0 = Debug|Any CPU
		{1439B8B4-2EA4-4575-BF68-911CA3D5289F}.Release|Any CPU.ActiveCfg = Release|Any CPU
		{1439B8B4-2EA4-4575-BF68-911CA3D5289F}.Release|Any CPU.Build.0 = Release|Any CPU
		{7E3B234E-340D-4BBB-85EB-4994176E08DD}.Debug|Any CPU.ActiveCfg = Debug|Any CPU
		{7E3B234E-340D-4BBB-85EB-4994176E08DD}.Debug|Any CPU.Build.0 = Debug|Any CPU
		{7E3B234E-340D-4BBB-85EB-4994176E08DD}.Release|Any CPU.ActiveCfg = Release|Any CPU
		{7E3B234E-340D-4BBB-85EB-4994176E08DD}.Release|Any CPU.Build.0 = Release|Any CPU
		{C8F523FE-9A34-43BE-8D93-6FAFEFBF9DEA}.Debug|Any CPU.ActiveCfg = Debug|Any CPU
		{C8F523FE-9A34-43BE-8D93-6FAFEFBF9DEA}.Debug|Any CPU.Build.0 = Debug|Any CPU
		{C8F523FE-9A34-43BE-8D93-6FAFEFBF9DEA}.Release|Any CPU.ActiveCfg = Release|Any CPU
		{C8F523FE-9A34-43BE-8D93-6FAFEFBF9DEA}.Release|Any CPU.Build.0 = Release|Any CPU
		{79021C0B-05BE-4249-A3A6-E69609CD455C}.Debug|Any CPU.ActiveCfg = Debug|Any CPU
		{79021C0B-05BE-4249-A3A6-E69609CD455C}.Debug|Any CPU.Build.0 = Debug|Any CPU
		{79021C0B-05BE-4249-A3A6-E69609CD455C}.Release|Any CPU.ActiveCfg = Release|Any CPU
		{79021C0B-05BE-4249-A3A6-E69609CD455C}.Release|Any CPU.Build.0 = Release|Any CPU
		{55B8F893-7224-47A9-8E89-EEA04CD56290}.Debug|Any CPU.ActiveCfg = Debug|Any CPU
		{55B8F893-7224-47A9-8E89-EEA04CD56290}.Debug|Any CPU.Build.0 = Debug|Any CPU
		{55B8F893-7224-47A9-8E89-EEA04CD56290}.Release|Any CPU.ActiveCfg = Release|Any CPU
		{55B8F893-7224-47A9-8E89-EEA04CD56290}.Release|Any CPU.Build.0 = Release|Any CPU
		{4B5D813B-8B91-4685-B1FA-D0EECE08BB3B}.Debug|Any CPU.ActiveCfg = Debug|Any CPU
		{4B5D813B-8B91-4685-B1FA-D0EECE08BB3B}.Debug|Any CPU.Build.0 = Debug|Any CPU
		{4B5D813B-8B91-4685-B1FA-D0EECE08BB3B}.Release|Any CPU.ActiveCfg = Release|Any CPU
		{4B5D813B-8B91-4685-B1FA-D0EECE08BB3B}.Release|Any CPU.Build.0 = Release|Any CPU
		{B9575425-101F-4E52-9964-2226173FDEA7}.Debug|Any CPU.ActiveCfg = Debug|Any CPU
		{B9575425-101F-4E52-9964-2226173FDEA7}.Debug|Any CPU.Build.0 = Debug|Any CPU
		{B9575425-101F-4E52-9964-2226173FDEA7}.Release|Any CPU.ActiveCfg = Release|Any CPU
		{B9575425-101F-4E52-9964-2226173FDEA7}.Release|Any CPU.Build.0 = Release|Any CPU
		{EE854C55-4388-4C58-A3FF-FB75D2E8EA48}.Debug|Any CPU.ActiveCfg = Debug|Any CPU
		{EE854C55-4388-4C58-A3FF-FB75D2E8EA48}.Debug|Any CPU.Build.0 = Debug|Any CPU
		{EE854C55-4388-4C58-A3FF-FB75D2E8EA48}.Release|Any CPU.ActiveCfg = Release|Any CPU
		{EE854C55-4388-4C58-A3FF-FB75D2E8EA48}.Release|Any CPU.Build.0 = Release|Any CPU
		{94367C6C-48D6-4D81-8BE5-C613630E7D5E}.Debug|Any CPU.ActiveCfg = Debug|Any CPU
		{94367C6C-48D6-4D81-8BE5-C613630E7D5E}.Debug|Any CPU.Build.0 = Debug|Any CPU
		{94367C6C-48D6-4D81-8BE5-C613630E7D5E}.Release|Any CPU.ActiveCfg = Release|Any CPU
		{94367C6C-48D6-4D81-8BE5-C613630E7D5E}.Release|Any CPU.Build.0 = Release|Any CPU
		{D63481EC-742B-4DFB-BA3C-35600B596F4E}.Debug|Any CPU.ActiveCfg = Debug|Any CPU
		{D63481EC-742B-4DFB-BA3C-35600B596F4E}.Debug|Any CPU.Build.0 = Debug|Any CPU
		{D63481EC-742B-4DFB-BA3C-35600B596F4E}.Release|Any CPU.ActiveCfg = Release|Any CPU
		{D63481EC-742B-4DFB-BA3C-35600B596F4E}.Release|Any CPU.Build.0 = Release|Any CPU
		{23FC9501-982C-43B8-982F-2880461E6714}.Debug|Any CPU.ActiveCfg = Debug|Any CPU
		{23FC9501-982C-43B8-982F-2880461E6714}.Debug|Any CPU.Build.0 = Debug|Any CPU
		{23FC9501-982C-43B8-982F-2880461E6714}.Release|Any CPU.ActiveCfg = Release|Any CPU
		{23FC9501-982C-43B8-982F-2880461E6714}.Release|Any CPU.Build.0 = Release|Any CPU
	EndGlobalSection
	GlobalSection(SolutionProperties) = preSolution
		HideSolutionNode = FALSE
	EndGlobalSection
	GlobalSection(NestedProjects) = preSolution
		{DF7A4DD9-5A70-4975-BD01-7E0600863EEE} = {CB0BBD6F-9D84-4426-977F-D4532287E364}
		{AED96DC7-738D-4E83-9F54-07CC9CE7A927} = {CB0BBD6F-9D84-4426-977F-D4532287E364}
		{05B8601B-F4F8-4DC0-8EFF-4B5D08A37DD4} = {CB0BBD6F-9D84-4426-977F-D4532287E364}
		{09FBC054-6ED4-4314-9375-B393143B7EF3} = {60FC19A3-533A-4869-9D98-8D509458BDDB}
		{F94DF418-EEFA-40D5-8322-79B1042DDFCA} = {60FC19A3-533A-4869-9D98-8D509458BDDB}
		{A3F13498-DA0A-47A8-BF5E-9DE091CE40DB} = {60FC19A3-533A-4869-9D98-8D509458BDDB}
		{28248602-8D40-419D-A8E5-DD90374663F1} = {1622FA11-432A-4479-BA4B-A19E4F31D1CD}
		{BB0499CC-06AB-4E2C-9300-320841D0A3BF} = {1622FA11-432A-4479-BA4B-A19E4F31D1CD}
		{716F82B4-E8A9-4883-B640-A993FCF2993B} = {1622FA11-432A-4479-BA4B-A19E4F31D1CD}
		{2F9FAA24-5ED8-4386-9A3A-F85D318C89BA} = {1B28D388-4165-4C07-9FC4-2BD2F65E9DCE}
		{742D7B33-5412-415B-B592-DA219831885B} = {1B28D388-4165-4C07-9FC4-2BD2F65E9DCE}
		{F7CEC213-6625-4ACD-ACB5-B03BA0405766} = {1B28D388-4165-4C07-9FC4-2BD2F65E9DCE}
		{629F5D10-6908-4D0B-8686-F5C7BDA8A265} = {EBA28287-6599-41F2-B09E-AF4DB7A09873}
		{1439B8B4-2EA4-4575-BF68-911CA3D5289F} = {EBA28287-6599-41F2-B09E-AF4DB7A09873}
		{7E3B234E-340D-4BBB-85EB-4994176E08DD} = {EBA28287-6599-41F2-B09E-AF4DB7A09873}
		{C8F523FE-9A34-43BE-8D93-6FAFEFBF9DEA} = {27E35EC2-B5C4-461E-A7E8-22845FFB0F7D}
		{79021C0B-05BE-4249-A3A6-E69609CD455C} = {27E35EC2-B5C4-461E-A7E8-22845FFB0F7D}
		{55B8F893-7224-47A9-8E89-EEA04CD56290} = {27E35EC2-B5C4-461E-A7E8-22845FFB0F7D}
		{4B5D813B-8B91-4685-B1FA-D0EECE08BB3B} = {E83D3FA0-4D89-45C8-9E39-E7F46732EAC2}
		{B9575425-101F-4E52-9964-2226173FDEA7} = {E83D3FA0-4D89-45C8-9E39-E7F46732EAC2}
		{EE854C55-4388-4C58-A3FF-FB75D2E8EA48} = {E83D3FA0-4D89-45C8-9E39-E7F46732EAC2}
		{94367C6C-48D6-4D81-8BE5-C613630E7D5E} = {8BCB9098-479B-4F72-BA6B-D1D61B1709EE}
		{D63481EC-742B-4DFB-BA3C-35600B596F4E} = {8BCB9098-479B-4F72-BA6B-D1D61B1709EE}
		{23FC9501-982C-43B8-982F-2880461E6714} = {8BCB9098-479B-4F72-BA6B-D1D61B1709EE}
	EndGlobalSection
	GlobalSection(ExtensibilityGlobals) = postSolution
		SolutionGuid = {67D2E318-F9FA-498B-9528-2F874F969A3F}
	EndGlobalSection
EndGlobal
